
Microsoft Visual Studio Solution File, Format Version 12.00
# Visual Studio Version 18
VisualStudioVersion = 18.0.11018.127 d18.0
MinimumVisualStudioVersion = 10.0.40219.1
Project("{2150E333-8FDC-42A3-9474-1A3956D46DE8}") = "src", "src", "{28581377-5421-47F6-A678-9510117A7791}"
EndProject
Project("{9A19103F-16F7-4668-BE54-9A1E7A4F7556}") = "Server.UI", "src\Server.UI\Server.UI.csproj", "{50485EFF-8E12-4F8A-A087-A9882D2C31C7}"
EndProject
Project("{9A19103F-16F7-4668-BE54-9A1E7A4F7556}") = "Application", "src\Application\Application.csproj", "{166C4168-C1B3-4771-8DCB-21BBCC8E1FF4}"
EndProject
Project("{9A19103F-16F7-4668-BE54-9A1E7A4F7556}") = "Domain", "src\Domain\Domain.csproj", "{154BD56C-4C28-47F6-939E-8024BA44F7C1}"
EndProject
Project("{9A19103F-16F7-4668-BE54-9A1E7A4F7556}") = "Infrastructure", "src\Infrastructure\Infrastructure.csproj", "{CCB27164-7A05-4DD6-9D42-403C1D23429C}"
EndProject
Project("{2150E333-8FDC-42A3-9474-1A3956D46DE8}") = "test", "test", "{62ABFE2F-D4F3-4E44-AA07-20D679B04CF3}"
EndProject
Project("{9A19103F-16F7-4668-BE54-9A1E7A4F7556}") = "Application.UnitTests", "test\Application.UnitTests\Application.UnitTests.csproj", "{2FC2E6B9-5186-4A39-A2CC-0975ED2AEC1E}"
EndProject
Project("{9A19103F-16F7-4668-BE54-9A1E7A4F7556}") = "ArchitectureTests", "test\ArchitectureTests\ArchitectureTests.csproj", "{386B9FE9-E2C6-443A-A8EE-D1DC79E867C6}"
EndProject
Project("{2150E333-8FDC-42A3-9474-1A3956D46DE8}") = "Aspire", "Aspire", "{7BEB31CD-0784-4CE9-8261-A77A1D76D5F4}"
EndProject
Project("{FAE04EC0-301F-11D3-BF4B-00C04F79EFBC}") = "Aspire.AppHost", "src\Aspire\Aspire.AppHost\Aspire.AppHost.csproj", "{D195114F-DD86-45A0-93C7-081259B0D7C6}"
EndProject
Project("{FAE04EC0-301F-11D3-BF4B-00C04F79EFBC}") = "Aspire.ServiceDefaults", "src\Aspire\Aspire.ServiceDefaults\Aspire.ServiceDefaults.csproj", "{434C903B-00A1-4AD0-AA26-8AE0560C3AE3}"
EndProject
Project("{2150E333-8FDC-42A3-9474-1A3956D46DE8}") = "Solution Items", "Solution Items", "{8EC462FD-D22E-90A8-E5CE-7E832BA40C5D}"
	ProjectSection(SolutionItems) = preProject
		.editorconfig = .editorconfig
		build.cake = build.cake
		Directory.Build.props = Directory.Build.props
		Directory.Packages.props = Directory.Packages.props
	EndProjectSection
EndProject
Global
	GlobalSection(SolutionConfigurationPlatforms) = preSolution
		Debug|Any CPU = Debug|Any CPU
		Release|Any CPU = Release|Any CPU
	EndGlobalSection
	GlobalSection(ProjectConfigurationPlatforms) = postSolution
		{50485EFF-8E12-4F8A-A087-A9882D2C31C7}.Debug|Any CPU.ActiveCfg = Debug|Any CPU
		{50485EFF-8E12-4F8A-A087-A9882D2C31C7}.Debug|Any CPU.Build.0 = Debug|Any CPU
		{50485EFF-8E12-4F8A-A087-A9882D2C31C7}.Release|Any CPU.ActiveCfg = Release|Any CPU
		{50485EFF-8E12-4F8A-A087-A9882D2C31C7}.Release|Any CPU.Build.0 = Release|Any CPU
		{166C4168-C1B3-4771-8DCB-21BBCC8E1FF4}.Debug|Any CPU.ActiveCfg = Debug|Any CPU
		{166C4168-C1B3-4771-8DCB-21BBCC8E1FF4}.Debug|Any CPU.Build.0 = Debug|Any CPU
		{166C4168-C1B3-4771-8DCB-21BBCC8E1FF4}.Release|Any CPU.ActiveCfg = Release|Any CPU
		{166C4168-C1B3-4771-8DCB-21BBCC8E1FF4}.Release|Any CPU.Build.0 = Release|Any CPU
		{154BD56C-4C28-47F6-939E-8024BA44F7C1}.Debug|Any CPU.ActiveCfg = Debug|Any CPU
		{154BD56C-4C28-47F6-939E-8024BA44F7C1}.Debug|Any CPU.Build.0 = Debug|Any CPU
		{154BD56C-4C28-47F6-939E-8024BA44F7C1}.Release|Any CPU.ActiveCfg = Release|Any CPU
		{154BD56C-4C28-47F6-939E-8024BA44F7C1}.Release|Any CPU.Build.0 = Release|Any CPU
		{CCB27164-7A05-4DD6-9D42-403C1D23429C}.Debug|Any CPU.ActiveCfg = Debug|Any CPU
		{CCB27164-7A05-4DD6-9D42-403C1D23429C}.Debug|Any CPU.Build.0 = Debug|Any CPU
		{CCB27164-7A05-4DD6-9D42-403C1D23429C}.Release|Any CPU.ActiveCfg = Release|Any CPU
		{CCB27164-7A05-4DD6-9D42-403C1D23429C}.Release|Any CPU.Build.0 = Release|Any CPU
		{2FC2E6B9-5186-4A39-A2CC-0975ED2AEC1E}.Debug|Any CPU.ActiveCfg = Debug|Any CPU
		{2FC2E6B9-5186-4A39-A2CC-0975ED2AEC1E}.Debug|Any CPU.Build.0 = Debug|Any CPU
		{2FC2E6B9-5186-4A39-A2CC-0975ED2AEC1E}.Release|Any CPU.ActiveCfg = Release|Any CPU
		{2FC2E6B9-5186-4A39-A2CC-0975ED2AEC1E}.Release|Any CPU.Build.0 = Release|Any CPU
		{386B9FE9-E2C6-443A-A8EE-D1DC79E867C6}.Debug|Any CPU.ActiveCfg = Debug|Any CPU
		{386B9FE9-E2C6-443A-A8EE-D1DC79E867C6}.Debug|Any CPU.Build.0 = Debug|Any CPU
		{386B9FE9-E2C6-443A-A8EE-D1DC79E867C6}.Release|Any CPU.ActiveCfg = Release|Any CPU
		{386B9FE9-E2C6-443A-A8EE-D1DC79E867C6}.Release|Any CPU.Build.0 = Release|Any CPU
		{D195114F-DD86-45A0-93C7-081259B0D7C6}.Debug|Any CPU.ActiveCfg = Debug|Any CPU
		{D195114F-DD86-45A0-93C7-081259B0D7C6}.Debug|Any CPU.Build.0 = Debug|Any CPU
		{D195114F-DD86-45A0-93C7-081259B0D7C6}.Release|Any CPU.ActiveCfg = Release|Any CPU
		{D195114F-DD86-45A0-93C7-081259B0D7C6}.Release|Any CPU.Build.0 = Release|Any CPU
		{434C903B-00A1-4AD0-AA26-8AE0560C3AE3}.Debug|Any CPU.ActiveCfg = Debug|Any CPU
		{434C903B-00A1-4AD0-AA26-8AE0560C3AE3}.Debug|Any CPU.Build.0 = Debug|Any CPU
		{434C903B-00A1-4AD0-AA26-8AE0560C3AE3}.Release|Any CPU.ActiveCfg = Release|Any CPU
		{434C903B-00A1-4AD0-AA26-8AE0560C3AE3}.Release|Any CPU.Build.0 = Release|Any CPU
	EndGlobalSection
	GlobalSection(SolutionProperties) = preSolution
		HideSolutionNode = FALSE
	EndGlobalSection
	GlobalSection(NestedProjects) = preSolution
		{50485EFF-8E12-4F8A-A087-A9882D2C31C7} = {28581377-5421-47F6-A678-9510117A7791}
		{166C4168-C1B3-4771-8DCB-21BBCC8E1FF4} = {28581377-5421-47F6-A678-9510117A7791}
		{154BD56C-4C28-47F6-939E-8024BA44F7C1} = {28581377-5421-47F6-A678-9510117A7791}
		{CCB27164-7A05-4DD6-9D42-403C1D23429C} = {28581377-5421-47F6-A678-9510117A7791}
		{2FC2E6B9-5186-4A39-A2CC-0975ED2AEC1E} = {62ABFE2F-D4F3-4E44-AA07-20D679B04CF3}
		{386B9FE9-E2C6-443A-A8EE-D1DC79E867C6} = {62ABFE2F-D4F3-4E44-AA07-20D679B04CF3}
		{7BEB31CD-0784-4CE9-8261-A77A1D76D5F4} = {28581377-5421-47F6-A678-9510117A7791}
		{D195114F-DD86-45A0-93C7-081259B0D7C6} = {7BEB31CD-0784-4CE9-8261-A77A1D76D5F4}
		{434C903B-00A1-4AD0-AA26-8AE0560C3AE3} = {7BEB31CD-0784-4CE9-8261-A77A1D76D5F4}
	EndGlobalSection
	GlobalSection(ExtensibilityGlobals) = postSolution
		SolutionGuid = {916B96E7-FFB9-4D43-A9BD-88CB137B2783}
	EndGlobalSection
EndGlobal
