dependencies:
- name: generic-service
  repository: https://ministryofjustice.github.io/hmpps-helm-charts
  version: 3.17.2
- name: generic-service
  repository: https://ministryofjustice.github.io/hmpps-helm-charts
  version: 3.17.2
- name: generic-prometheus-alerts
  repository: https://ministryofjustice.github.io/hmpps-helm-charts
  version: 1.17.1
digest: sha256:65428269d771a264e9e0c76fd61f1cec55fb40a4d0e2f55f2be59cca75ea1d0e
generated: "2026-06-20T18:55:41.454334+01:00"
